
Microsoft Visual Studio Solution File, Format Version 12.00
# Visual Studio Version 17
VisualStudioVersion = 17.10.35122.118
MinimumVisualStudioVersion = 10.0.40219.1
Project("{FAE04EC0-301F-11D3-BF4B-00C04F79EFBC}") = "serialPortDeneme2", "serialPortDeneme2\serialPortDeneme2.csproj", "{2AC51616-F4E3-4866-9C9A-018D3BB24A48}"
EndProject
Project("{2150E333-8FDC-42A3-9474-1A3956D46DE8}") = "Çözüm Öğeleri", "Çözüm Öğeleri", "{7D1D6C51-9E72-4AFA-A87B-9B697FD634AD}"
	ProjectSection(SolutionItems) = preProject
		..\..\Users\subas\Downloads\gas-bottle-icon-cartoon-style-vector-25791664-removebg-preview.ico = ..\..\Users\subas\Downloads\gas-bottle-icon-cartoon-style-vector-25791664-removebg-preview.ico
	EndProjectSection
EndProject
Global
	GlobalSection(SolutionConfigurationPlatforms) = preSolution
		Debug|Any CPU = Debug|Any CPU
		Release|Any CPU = Release|Any CPU
	EndGlobalSection
	GlobalSection(ProjectConfigurationPlatforms) = postSolution
		{2AC51616-F4E3-4866-9C9A-018D3BB24A48}.Debug|Any CPU.ActiveCfg = Debug|Any CPU
		{2AC51616-F4E3-4866-9C9A-018D3BB24A48}.Debug|Any CPU.Build.0 = Debug|Any CPU
		{2AC51616-F4E3-4866-9C9A-018D3BB24A48}.Release|Any CPU.ActiveCfg = Release|Any CPU
		{2AC51616-F4E3-4866-9C9A-018D3BB24A48}.Release|Any CPU.Build.0 = Release|Any CPU
	EndGlobalSection
	GlobalSection(SolutionProperties) = preSolution
		HideSolutionNode = FALSE
	EndGlobalSection
	GlobalSection(ExtensibilityGlobals) = postSolution
		SolutionGuid = {D578B73B-8B06-4BE4-BFF2-C92B8CCD71D7}
	EndGlobalSection
EndGlobal
